{
  "name": "worklog-server-deps",
  "lockfileVersion": 3,
  "requires": true,
  "packages": {
    "": {
      "name": "worklog-server-deps",
      "dependencies": {
        "@kpstreams/server": "^0.2.1"
      },
      "devDependencies": {
        "@types/node": "^22",
        "playwright": "^1.63.0"
      }
    },
    "node_modules/@infisical/quic": {
      "version": "1.0.8",
      "resolved": "https://registry.npmjs.org/@infisical/quic/-/quic-1.0.8.tgz",
      "integrity": "sha512-ozgGkVdLP+ST41rPYmtaUBnBzisEzoI1l9yIds2l3hbd6OX6I836G0djTWLZbisn2ZO8CEbr8buLUclxqiY/IA==",
      "license": "Apache-2.0",
      "dependencies": {
        "@matrixai/async-cancellable": "^1.1.1",
        "@matrixai/async-init": "^1.10.0",
        "@matrixai/async-locks": "^4.0.0",
        "@matrixai/contexts": "^1.2.0",
        "@matrixai/errors": "^1.2.0",
        "@matrixai/events": "^3.2.3",
        "@matrixai/logger": "^3.1.2",
        "@matrixai/resources": "^1.1.5",
        "@matrixai/timer": "^1.1.3",
        "ip-num": "^1.5.0"
      },
      "optionalDependencies": {
        "@infisical/quic-darwin-arm64": "1.0.8",
        "@infisical/quic-darwin-universal": "1.0.8",
        "@infisical/quic-darwin-x64": "1.0.8",
        "@infisical/quic-linux-arm": "1.0.8",
        "@infisical/quic-linux-arm64": "1.0.8",
        "@infisical/quic-linux-x64": "1.0.8",
        "@infisical/quic-win32-x64": "1.0.8"
      }
    },
    "node_modules/@infisical/quic-linux-arm64": {
      "version": "1.0.8",
      "resolved": "https://registry.npmjs.org/@infisical/quic-linux-arm64/-/quic-linux-arm64-1.0.8.tgz",
      "integrity": "sha512-vOEr/gIskr+eXN0rofpX1+hCJeKjUnHpt97LVsob9Jh7cXVGa9ywM0NbbYurz7FOdWH8+fBtppxkto4UdLSrZg==",
      "cpu": [
        "arm64"
      ],
      "license": "Apache-2.0",
      "optional": true,
      "os": [
        "linux"
      ]
    },
    "node_modules/@infisical/quic-linux-x64": {
      "version": "1.0.8",
      "resolved": "https://registry.npmjs.org/@infisical/quic-linux-x64/-/quic-linux-x64-1.0.8.tgz",
      "integrity": "sha512-YE4xk5xv2oAiqZwVqNhC9AUnuFj1Q0cUiZmxih0RqfO51sr1BCgqmSBRWRykrdL8oyPmQduSNWKN7FcckPhYVQ==",
      "cpu": [
        "x64"
      ],
      "license": "Apache-2.0",
      "optional": true,
      "os": [
        "linux"
      ]
    },
    "node_modules/@kpstreams/core": {
      "version": "0.2.1",
      "resolved": "https://registry.npmjs.org/@kpstreams/core/-/core-0.2.1.tgz",
      "integrity": "sha512-cx82IpcAG2OoteTrUbHECIm2jc5rJ0+O8qB7cKAXdvkN5oje4aOIiF8nb7nEk+LSMISz8Zz7znrj+gzSXEBKuw==",
      "license": "MIT"
    },
    "node_modules/@kpstreams/server": {
      "version": "0.2.1",
      "resolved": "https://registry.npmjs.org/@kpstreams/server/-/server-0.2.1.tgz",
      "integrity": "sha512-RmcfHADSs+ts0h5zHC1tLGUavJIaRVGuKevB4QoU5aEHa/IpHJnpFofkUsrBk/wD62wStGTdRUrPgr8jzinYMQ==",
      "license": "MIT",
      "dependencies": {
        "@infisical/quic": "1.0.8",
        "@kpstreams/core": "^0.2.1",
        "@matrixai/logger": "^3.1.3",
        "@peculiar/x509": "^2.0.0",
        "node-datachannel": "^0.32.0",
        "reflect-metadata": "^0.2.0"
      },
      "engines": {
        "node": ">=20"
      }
    },
    "node_modules/@matrixai/async-cancellable": {
      "version": "1.1.1",
      "resolved": "https://registry.npmjs.org/@matrixai/async-cancellable/-/async-cancellable-1.1.1.tgz",
      "integrity": "sha512-f0yxu7dHwvffZ++7aCm2WIcCJn18uLcOTdCCwEA3R3KVHYE3TG/JNoTWD9/mqBkAV1AI5vBfJzg27WnF9rOUXQ==",
      "license": "Apache-2.0"
    },
    "node_modules/@matrixai/async-init": {
      "version": "1.10.0",
      "resolved": "https://registry.npmjs.org/@matrixai/async-init/-/async-init-1.10.0.tgz",
      "integrity": "sha512-JjUFu6rqd+dtTHFJ6z8bjbceuFGBj/APWfJByVsfbEH1DJsOgWERFcW3DBUrS0mgTph4Vl518tsNcsSwKT5Y+g==",
      "license": "Apache-2.0",
      "dependencies": {
        "@matrixai/async-locks": "^4.0.0",
        "@matrixai/errors": "^1.2.0",
        "@matrixai/events": "^3.2.0"
      }
    },
    "node_modules/@matrixai/async-locks": {
      "version": "4.0.0",
      "resolved": "https://registry.npmjs.org/@matrixai/async-locks/-/async-locks-4.0.0.tgz",
      "integrity": "sha512-u/3fOdtjOKcDYF8dDoPR1/+7nmOkhxo42eBpXTEgfI0hLPGI37PoW7tjLvwy+O51Quy1HGOwhsR/Dgr4x+euug==",
      "license": "Apache-2.0",
      "dependencies": {
        "@matrixai/async-cancellable": "^1.1.1",
        "@matrixai/errors": "^1.1.7",
        "@matrixai/resources": "^1.1.5",
        "@matrixai/timer": "^1.1.1"
      }
    },
    "node_modules/@matrixai/contexts": {
      "version": "1.2.0",
      "resolved": "https://registry.npmjs.org/@matrixai/contexts/-/contexts-1.2.0.tgz",
      "integrity": "sha512-MR/B02Kf4UoliP9b/gMMKsvWV6QM4JSPKTIqrhQP2tbOl3FwLI+AIhL3vgYEj1Xw+PP8bY5cr8ontJ8x6AJyMg==",
      "license": "Apache-2.0",
      "dependencies": {
        "@matrixai/async-cancellable": "^1.1.1",
        "@matrixai/async-locks": "^4.0.0",
        "@matrixai/errors": "^1.1.7",
        "@matrixai/resources": "^1.1.5",
        "@matrixai/timer": "^1.1.1"
      }
    },
    "node_modules/@matrixai/errors": {
      "version": "1.2.0",
      "resolved": "https://registry.npmjs.org/@matrixai/errors/-/errors-1.2.0.tgz",
      "integrity": "sha512-eZHPHFla5GFmi0O0yGgbtkca+ZjwpDbMz+60NC3y+DzQq6BMoe4gHmPjDalAHTxyxv0+Q+AWJTuV8Ows+IqBfQ==",
      "license": "Apache-2.0",
      "dependencies": {
        "ts-custom-error": "3.2.2"
      }
    },
    "node_modules/@matrixai/events": {
      "version": "3.2.3",
      "resolved": "https://registry.npmjs.org/@matrixai/events/-/events-3.2.3.tgz",
      "integrity": "sha512-bZrNCwzYeFalGQpn8qa/jgD10mUAwLRbv6xGMI7gGz1f+vE65d3GPoJ6JoFOJSg9iCmRSayQJ+IipH3LMATvDA==",
      "license": "Apache-2.0"
    },
    "node_modules/@matrixai/logger": {
      "version": "3.1.3",
      "resolved": "https://registry.npmjs.org/@matrixai/logger/-/logger-3.1.3.tgz",
      "integrity": "sha512-wIHyiAzkrlZ/qlss4HLtXFzdlk1hxmAb0FNCQMd7ZwiHJABiKbvQtFSpBUvUakZYwYomiFmHwTYkHloiIVjrsg==",
      "license": "Apache-2.0"
    },
    "node_modules/@matrixai/resources": {
      "version": "1.1.5",
      "resolved": "https://registry.npmjs.org/@matrixai/resources/-/resources-1.1.5.tgz",
      "integrity": "sha512-m/DEZEe3wHqWEPTyoBtzFF6U9vWYhEnQtGgwvqiAlTxTM0rk96UBpWjDZCTF/vYG11ZlmlQFtg5H+zGgbjaB3Q==",
      "license": "Apache-2.0"
    },
    "node_modules/@matrixai/timer": {
      "version": "1.1.3",
      "resolved": "https://registry.npmjs.org/@matrixai/timer/-/timer-1.1.3.tgz",
      "integrity": "sha512-BG5bAZMIt7qxc9iqAOCk2zm7V0+yNQLwp+WhsWVkP25Nvd1klqKpScE1lGwoLA27ygxEi+8IRU3wa8PLrhs0DQ==",
      "license": "Apache-2.0",
      "dependencies": {
        "@matrixai/async-cancellable": "^1.1.1",
        "@matrixai/errors": "^1.1.7"
      }
    },
    "node_modules/@peculiar/asn1-asym-key": {
      "version": "2.9.4",
      "resolved": "https://registry.npmjs.org/@peculiar/asn1-asym-key/-/asn1-asym-key-2.9.4.tgz",
      "integrity": "sha512-s7SJfjcXlR3MYMngDTeMLCy3VjGaIxeEy905CQ0j09pDbeYhNBvBGA7r7cAvCZYkVFo9kVg9RAki0K2iUz7SGQ==",
      "license": "MIT",
      "dependencies": {
        "@peculiar/asn1-pkcs8": "^2.9.4",
        "@peculiar/asn1-schema": "^2.9.4",
        "@peculiar/asn1-x509": "^2.9.4",
        "asn1js": "^3.0.10",
        "tslib": "^2.8.1"
      },
      "engines": {
        "node": ">=14"
      }
    },
    "node_modules/@peculiar/asn1-cms": {
      "version": "2.9.4",
      "resolved": "https://registry.npmjs.org/@peculiar/asn1-cms/-/asn1-cms-2.9.4.tgz",
      "integrity": "sha512-cben7oxmQsUGZqotus7yt0srYdncOT6RNWcTQ77T2RFOXejYVYkXadrfePdRcrVpO9K95IRLKKglG2k38jKXuw==",
      "license": "MIT",
      "dependencies": {
        "@peculiar/asn1-schema": "^2.9.4",
        "@peculiar/asn1-x509": "^2.9.4",
        "@peculiar/asn1-x509-attr": "^2.9.4",
        "asn1js": "^3.0.10",
        "tslib": "^2.8.1"
      },
      "engines": {
        "node": ">=14"
      }
    },
    "node_modules/@peculiar/asn1-csr": {
      "version": "2.9.4",
      "resolved": "https://registry.npmjs.org/@peculiar/asn1-csr/-/asn1-csr-2.9.4.tgz",
      "integrity": "sha512-xd4YN4vpRjkDAQWVfZZkeu12IEND7DOpkqaHSIHxZl1uggUNa9Ju0QxY2jHvDAS9pP0zhRBytg8ifsnGo3V0jw==",
      "license": "MIT",
      "dependencies": {
        "@peculiar/asn1-schema": "^2.9.4",
        "@peculiar/asn1-x509": "^2.9.4",
        "asn1js": "^3.0.10",
        "tslib": "^2.8.1"
      },
      "engines": {
        "node": ">=14"
      }
    },
    "node_modules/@peculiar/asn1-ecc": {
      "version": "2.9.4",
      "resolved": "https://registry.npmjs.org/@peculiar/asn1-ecc/-/asn1-ecc-2.9.4.tgz",
      "integrity": "sha512-JJXefFshRAuVAjWQo/39bkg1ywc1VaiO44S8RRC+Ykvf/u2KDmYffoDb0ZBPCR5uJy4AGKQhl8mX+Q8ShcWaXQ==",
      "license": "MIT",
      "dependencies": {
        "@peculiar/asn1-schema": "^2.9.4",
        "@peculiar/asn1-x509": "^2.9.4",
        "asn1js": "^3.0.10",
        "tslib": "^2.8.1"
      },
      "engines": {
        "node": ">=14"
      }
    },
    "node_modules/@peculiar/asn1-pfx": {
      "version": "2.9.4",
      "resolved": "https://registry.npmjs.org/@peculiar/asn1-pfx/-/asn1-pfx-2.9.4.tgz",
      "integrity": "sha512-khuGzHTzNzk4GDlIBEILyIs6Lce0yn0ZBdoI9v93kmNncfZRhD+AQ5ODFqdhvoE8cMJF/JMTQ8yA+t1D14kqCw==",
      "license": "MIT",
      "dependencies": {
        "@peculiar/asn1-cms": "^2.9.4",
        "@peculiar/asn1-pkcs8": "^2.9.4",
        "@peculiar/asn1-rsa": "^2.9.4",
        "@peculiar/asn1-schema": "^2.9.4",
        "asn1js": "^3.0.10",
        "tslib": "^2.8.1"
      },
      "engines": {
        "node": ">=14"
      }
    },
    "node_modules/@peculiar/asn1-pkcs8": {
      "version": "2.9.4",
      "resolved": "https://registry.npmjs.org/@peculiar/asn1-pkcs8/-/asn1-pkcs8-2.9.4.tgz",
      "integrity": "sha512-duRdotlUx9eDZe6QrQpQKl61RbWykCHBCkKayP8V8XdEFwlKHZ8qGGDMyS6Pye7OX7nLFttTTpRkJeet78ckwQ==",
      "license": "MIT",
      "dependencies": {
        "@peculiar/asn1-schema": "^2.9.4",
        "@peculiar/asn1-x509": "^2.9.4",
        "asn1js": "^3.0.10",
        "tslib": "^2.8.1"
      },
      "engines": {
        "node": ">=14"
      }
    },
    "node_modules/@peculiar/asn1-pkcs9": {
      "version": "2.9.4",
      "resolved": "https://registry.npmjs.org/@peculiar/asn1-pkcs9/-/asn1-pkcs9-2.9.4.tgz",
      "integrity": "sha512-kaL4cNxBpdQE2dKlyZBqz4ygCrwffO+8wfoxTEqM1Z8RadvCeELBRzcv0dzM8aY9azHMwODO5nxU65zXmhToOQ==",
      "license": "MIT",
      "dependencies": {
        "@peculiar/asn1-cms": "^2.9.4",
        "@peculiar/asn1-pfx": "^2.9.4",
        "@peculiar/asn1-pkcs8": "^2.9.4",
        "@peculiar/asn1-schema": "^2.9.4",
        "@peculiar/asn1-x509": "^2.9.4",
        "@peculiar/asn1-x509-attr": "^2.9.4",
        "asn1js": "^3.0.10",
        "tslib": "^2.8.1"
      },
      "engines": {
        "node": ">=14"
      }
    },
    "node_modules/@peculiar/asn1-rsa": {
      "version": "2.9.4",
      "resolved": "https://registry.npmjs.org/@peculiar/asn1-rsa/-/asn1-rsa-2.9.4.tgz",
      "integrity": "sha512-pZ96eD1PptovcWQ/GSmuNFXd/7EQJNlKfDaNCyE2rx3W0v6QFelkzquVqRSRyyDXXCYD69ZXJDzZ8GhIiQzKoA==",
      "license": "MIT",
      "dependencies": {
        "@peculiar/asn1-schema": "^2.9.4",
        "@peculiar/asn1-x509": "^2.9.4",
        "asn1js": "^3.0.10",
        "tslib": "^2.8.1"
      },
      "engines": {
        "node": ">=14"
      }
    },
    "node_modules/@peculiar/asn1-schema": {
      "version": "2.9.4",
      "resolved": "https://registry.npmjs.org/@peculiar/asn1-schema/-/asn1-schema-2.9.4.tgz",
      "integrity": "sha512-GjzePcT9Iw8NzeOPf73iNS9xM+TBhd/FilAfP+RQGkTMQJTVWtytN3JHJACCjf/ABNau5S7mS3g+DcuxmRgYEg==",
      "license": "MIT",
      "dependencies": {
        "@peculiar/utils": "^2.0.2",
        "asn1js": "^3.0.10",
        "tslib": "^2.8.1"
      },
      "engines": {
        "node": ">=14"
      }
    },
    "node_modules/@peculiar/asn1-x509": {
      "version": "2.9.4",
      "resolved": "https://registry.npmjs.org/@peculiar/asn1-x509/-/asn1-x509-2.9.4.tgz",
      "integrity": "sha512-CxhBo/RdEbMMob7T31ZdQjGuoyRFLVwrDzTn25bihzBasRg9kRm/0IxIPvhgQtcK/9dNcO1XQL2fuPugwELL0Q==",
      "license": "MIT",
      "dependencies": {
        "@peculiar/asn1-schema": "^2.9.4",
        "@peculiar/utils": "^2.0.2",
        "asn1js": "^3.0.10",
        "tslib": "^2.8.1"
      },
      "engines": {
        "node": ">=14"
      }
    },
    "node_modules/@peculiar/asn1-x509-attr": {
      "version": "2.9.4",
      "resolved": "https://registry.npmjs.org/@peculiar/asn1-x509-attr/-/asn1-x509-attr-2.9.4.tgz",
      "integrity": "sha512-ehQXbpQaQYycgu8OrvigwSPTFfVRcu0ECNYCWw+yzBp02Lw5paRqzzhUpfOgO2K38+WfFZuEz/0RPtam5g0OMg==",
      "license": "MIT",
      "dependencies": {
        "@peculiar/asn1-schema": "^2.9.4",
        "@peculiar/asn1-x509": "^2.9.4",
        "asn1js": "^3.0.10",
        "tslib": "^2.8.1"
      },
      "engines": {
        "node": ">=14"
      }
    },
    "node_modules/@peculiar/asn1-x509-post-quantum": {
      "version": "2.9.4",
      "resolved": "https://registry.npmjs.org/@peculiar/asn1-x509-post-quantum/-/asn1-x509-post-quantum-2.9.4.tgz",
      "integrity": "sha512-GD0k7BY3dsEIeai7C7bVRPddj/PzZu+sTawRPRxdHKbdy1f9b58WQyk0eFJdr28GShyLVTU8poyi4+bTAZfEtQ==",
      "license": "MIT",
      "dependencies": {
        "@peculiar/asn1-asym-key": "^2.9.4",
        "@peculiar/asn1-schema": "^2.9.4",
        "@peculiar/asn1-x509": "^2.9.4",
        "asn1js": "^3.0.10",
        "tslib": "^2.8.1"
      },
      "engines": {
        "node": ">=14"
      }
    },
    "node_modules/@peculiar/utils": {
      "version": "2.0.3",
      "resolved": "https://registry.npmjs.org/@peculiar/utils/-/utils-2.0.3.tgz",
      "integrity": "sha512-+oL3HPFRIZ1St2K50lWCXiioIgSoxzz7R1J3uF6neO2yl1sgmpgY6XXJH4BdpoDkMWznQTeYF6oWNDZLCdQ4eQ==",
      "license": "MIT",
      "dependencies": {
        "tslib": "^2.8.1"
      }
    },
    "node_modules/@peculiar/x509": {
      "version": "2.1.0",
      "resolved": "https://registry.npmjs.org/@peculiar/x509/-/x509-2.1.0.tgz",
      "integrity": "sha512-IYbg1R03CSQGWwl24kGyqrdVtixNSbRaDvBg1r5wyYjTP+VwPQkka1BzTgU5+vxiuwqg04OxdvdJ1xYYFIdUSA==",
      "license": "MIT",
      "dependencies": {
        "@peculiar/asn1-cms": "^2.9.4",
        "@peculiar/asn1-csr": "^2.9.4",
        "@peculiar/asn1-ecc": "^2.9.4",
        "@peculiar/asn1-pkcs9": "^2.9.4",
        "@peculiar/asn1-rsa": "^2.9.4",
        "@peculiar/asn1-schema": "^2.9.4",
        "@peculiar/asn1-x509": "^2.9.4",
        "@peculiar/asn1-x509-post-quantum": "^2.9.4",
        "pvtsutils": "^1.3.6",
        "tslib": "^2.8.1",
        "tsyringe": "^4.10.0"
      },
      "engines": {
        "node": ">=20.0.0"
      }
    },
    "node_modules/@types/node": {
      "version": "22.20.1",
      "resolved": "https://registry.npmjs.org/@types/node/-/node-22.20.1.tgz",
      "integrity": "sha512-EANqOCF9QFyra+4pfxUcX9STKJpCLjMbObVzljIJomAWSnuSIEAvyzEU53GaajbXJEgdh0iEcPL+DGvpUd4k1Q==",
      "dev": true,
      "license": "MIT",
      "dependencies": {
        "undici-types": "~6.21.0"
      }
    },
    "node_modules/asn1js": {
      "version": "3.0.10",
      "resolved": "https://registry.npmjs.org/asn1js/-/asn1js-3.0.10.tgz",
      "integrity": "sha512-S2s3aOytiKdFRdulw2qPE51MzjzVOisppcVv7jVFR+Kw0kxwvFrDcYA0h7Ndqbmj0HkMIXYWaoj7fli8kgx1eg==",
      "license": "BSD-3-Clause",
      "dependencies": {
        "pvtsutils": "^1.3.6",
        "pvutils": "^1.1.5",
        "tslib": "^2.8.1"
      },
      "engines": {
        "node": ">=12.0.0"
      }
    },
    "node_modules/base64-js": {
      "version": "1.5.1",
      "resolved": "https://registry.npmjs.org/base64-js/-/base64-js-1.5.1.tgz",
      "integrity": "sha512-AKpaYlHn8t4SVbOHCy+b5+KKgvR4vrsD8vbvrbiQJps7fKDTkjkDry6ji0rUJjC0kzbNePLwzxq8iypo41qeWA==",
      "funding": [
        {
          "type": "github",
          "url": "https://github.com/sponsors/feross"
        },
        {
          "type": "patreon",
          "url": "https://www.patreon.com/feross"
        },
        {
          "type": "consulting",
          "url": "https://feross.org/support"
        }
      ],
      "license": "MIT"
    },
    "node_modules/bl": {
      "version": "4.1.0",
      "resolved": "https://registry.npmjs.org/bl/-/bl-4.1.0.tgz",
      "integrity": "sha512-1W07cM9gS6DcLperZfFSj+bWLtaPGSOHWhPiGzXmvVJbRLdG82sH/Kn8EtW1VqWVA54AKf2h5k5BbnIbwF3h6w==",
      "license": "MIT",
      "dependencies": {
        "buffer": "^5.5.0",
        "inherits": "^2.0.4",
        "readable-stream": "^3.4.0"
      }
    },
    "node_modules/buffer": {
      "version": "5.7.1",
      "resolved": "https://registry.npmjs.org/buffer/-/buffer-5.7.1.tgz",
      "integrity": "sha512-EHcyIPBQ4BSGlvjB16k5KgAJ27CIsHY/2JBmCRReo48y9rQ3MaUzWX3KVlBa4U7MyX02HdVj0K7C3WaB3ju7FQ==",
      "funding": [
        {
          "type": "github",
          "url": "https://github.com/sponsors/feross"
        },
        {
          "type": "patreon",
          "url": "https://www.patreon.com/feross"
        },
        {
          "type": "consulting",
          "url": "https://feross.org/support"
        }
      ],
      "license": "MIT",
      "dependencies": {
        "base64-js": "^1.3.1",
        "ieee754": "^1.1.13"
      }
    },
    "node_modules/chownr": {
      "version": "1.1.4",
      "resolved": "https://registry.npmjs.org/chownr/-/chownr-1.1.4.tgz",
      "integrity": "sha512-jJ0bqzaylmJtVnNgzTeSOs8DPavpbYgEr/b0YL8/2GO3xJEhInFmhKMUnEJQjZumK7KXGFhUy89PrsJWlakBVg==",
      "license": "ISC"
    },
    "node_modules/decompress-response": {
      "version": "6.0.0",
      "resolved": "https://registry.npmjs.org/decompress-response/-/decompress-response-6.0.0.tgz",
      "integrity": "sha512-aW35yZM6Bb/4oJlZncMH2LCoZtJXTRxES17vE3hoRiowU2kWHaJKFkSBDnDR+cm9J+9QhXmREyIfv0pji9ejCQ==",
      "license": "MIT",
      "dependencies": {
        "mimic-response": "^3.1.0"
      },
      "engines": {
        "node": ">=10"
      },
      "funding": {
        "url": "https://github.com/sponsors/sindresorhus"
      }
    },
    "node_modules/deep-extend": {
      "version": "0.6.0",
      "resolved": "https://registry.npmjs.org/deep-extend/-/deep-extend-0.6.0.tgz",
      "integrity": "sha512-LOHxIOaPYdHlJRtCQfDIVZtfw/ufM8+rVj649RIHzcm/vGwQRXFt6OPqIFWsm2XEMrNIEtWR64sY1LEKD2vAOA==",
      "license": "MIT",
      "engines": {
        "node": ">=4.0.0"
      }
    },
    "node_modules/detect-libc": {
      "version": "2.1.2",
      "resolved": "https://registry.npmjs.org/detect-libc/-/detect-libc-2.1.2.tgz",
      "integrity": "sha512-Btj2BOOO83o3WyH59e8MgXsxEQVcarkUOpEYrubB0urwnN10yQ364rsiByU11nZlqWYZm05i/of7io4mzihBtQ==",
      "license": "Apache-2.0",
      "engines": {
        "node": ">=8"
      }
    },
    "node_modules/end-of-stream": {
      "version": "1.4.5",
      "resolved": "https://registry.npmjs.org/end-of-stream/-/end-of-stream-1.4.5.tgz",
      "integrity": "sha512-ooEGc6HP26xXq/N+GCGOT0JKCLDGrq2bQUZrQ7gyrJiZANJ/8YDTxTpQBXGMn+WbIQXNVpyWymm7KYVICQnyOg==",
      "license": "MIT",
      "dependencies": {
        "once": "^1.4.0"
      }
    },
    "node_modules/expand-template": {
      "version": "2.0.3",
      "resolved": "https://registry.npmjs.org/expand-template/-/expand-template-2.0.3.tgz",
      "integrity": "sha512-XYfuKMvj4O35f/pOXLObndIRvyQ+/+6AhODh+OKWj9S9498pHHn/IMszH+gt0fBCRWMNfk1ZSp5x3AifmnI2vg==",
      "license": "(MIT OR WTFPL)",
      "engines": {
        "node": ">=6"
      }
    },
    "node_modules/fs-constants": {
      "version": "1.0.0",
      "resolved": "https://registry.npmjs.org/fs-constants/-/fs-constants-1.0.0.tgz",
      "integrity": "sha512-y6OAwoSIf7FyjMIv94u+b5rdheZEjzR63GTyZJm5qh4Bi+2YgwLCcI/fPFZkL5PSixOt6ZNKm+w+Hfp/Bciwow==",
      "license": "MIT"
    },
    "node_modules/github-from-package": {
      "version": "0.0.0",
      "resolved": "https://registry.npmjs.org/github-from-package/-/github-from-package-0.0.0.tgz",
      "integrity": "sha512-SyHy3T1v2NUXn29OsWdxmK6RwHD+vkj3v8en8AOBZ1wBQ/hCAQ5bAQTD02kW4W9tUp/3Qh6J8r9EvntiyCmOOw==",
      "license": "MIT"
    },
    "node_modules/ieee754": {
      "version": "1.2.1",
      "resolved": "https://registry.npmjs.org/ieee754/-/ieee754-1.2.1.tgz",
      "integrity": "sha512-dcyqhDvX1C46lXZcVqCpK+FtMRQVdIMN6/Df5js2zouUsqG7I6sFxitIC+7KYK29KdXOLHdu9zL4sFnoVQnqaA==",
      "funding": [
        {
          "type": "github",
          "url": "https://github.com/sponsors/feross"
        },
        {
          "type": "patreon",
          "url": "https://www.patreon.com/feross"
        },
        {
          "type": "consulting",
          "url": "https://feross.org/support"
        }
      ],
      "license": "BSD-3-Clause"
    },
    "node_modules/inherits": {
      "version": "2.0.4",
      "resolved": "https://registry.npmjs.org/inherits/-/inherits-2.0.4.tgz",
      "integrity": "sha512-k/vGaX4/Yla3WzyMCvTQOXYeIHvqOKtnqBduzTHpzpQZzAskKMhZ2K+EnBiSM9zGSoIFeMpXKxa4dYeZIQqewQ==",
      "license": "ISC"
    },
    "node_modules/ini": {
      "version": "1.3.8",
      "resolved": "https://registry.npmjs.org/ini/-/ini-1.3.8.tgz",
      "integrity": "sha512-JV/yugV2uzW5iMRSiZAyDtQd+nxtUnjeLt0acNdw98kKLrvuRVyB80tsREOE7yvGVgalhZ6RNXCmEHkUKBKxew==",
      "license": "ISC"
    },
    "node_modules/ip-num": {
      "version": "1.6.2",
      "resolved": "https://registry.npmjs.org/ip-num/-/ip-num-1.6.2.tgz",
      "integrity": "sha512-NECaiXtcprXHALHE3c/isP2mJAjhJqnMWbrNLnZXoKg8LsZm1TTGkvbXBodXaNfXMCJ24uE5SUq7tCln9vUBwQ==",
      "license": "MIT"
    },
    "node_modules/mimic-response": {
      "version": "3.1.0",
      "resolved": "https://registry.npmjs.org/mimic-response/-/mimic-response-3.1.0.tgz",
      "integrity": "sha512-z0yWI+4FDrrweS8Zmt4Ej5HdJmky15+L2e6Wgn3+iK5fWzb6T3fhNFq2+MeTRb064c6Wr4N/wv0DzQTjNzHNGQ==",
      "license": "MIT",
      "engines": {
        "node": ">=10"
      },
      "funding": {
        "url": "https://github.com/sponsors/sindresorhus"
      }
    },
    "node_modules/minimist": {
      "version": "1.2.8",
      "resolved": "https://registry.npmjs.org/minimist/-/minimist-1.2.8.tgz",
      "integrity": "sha512-2yyAR8qBkN3YuheJanUpWC5U3bb5osDywNB8RzDVlDwDHbocAJveqqj1u8+SVD7jkWT4yvsHCpWqqWqAxb0zCA==",
      "license": "MIT",
      "funding": {
        "url": "https://github.com/sponsors/ljharb"
      }
    },
    "node_modules/mkdirp-classic": {
      "version": "0.5.3",
      "resolved": "https://registry.npmjs.org/mkdirp-classic/-/mkdirp-classic-0.5.3.tgz",
      "integrity": "sha512-gKLcREMhtuZRwRAfqP3RFW+TK4JqApVBtOIftVgjuABpAtpxhPGaDcfvbhNvD0B8iD1oUr/txX35NjcaY6Ns/A==",
      "license": "MIT"
    },
    "node_modules/napi-build-utils": {
      "version": "2.0.0",
      "resolved": "https://registry.npmjs.org/napi-build-utils/-/napi-build-utils-2.0.0.tgz",
      "integrity": "sha512-GEbrYkbfF7MoNaoh2iGG84Mnf/WZfB0GdGEsM8wz7Expx/LlWf5U8t9nvJKXSp3qr5IsEbK04cBGhol/KwOsWA==",
      "license": "MIT"
    },
    "node_modules/node-abi": {
      "version": "3.96.0",
      "resolved": "https://registry.npmjs.org/node-abi/-/node-abi-3.96.0.tgz",
      "integrity": "sha512-rebQ/lz7i0EkoLzUVSrKRzA69zMkwLp95kKMWoMDkkM00Suxz0D7zEQPwRml5fQum24mj7bPvmlgLAmu2JCiYg==",
      "license": "MIT",
      "dependencies": {
        "semver": "^7.3.5"
      },
      "engines": {
        "node": ">=10"
      }
    },
    "node_modules/node-datachannel": {
      "version": "0.32.3",
      "resolved": "https://registry.npmjs.org/node-datachannel/-/node-datachannel-0.32.3.tgz",
      "integrity": "sha512-Aok1ZhLsll472lRefgWYuWJ0070jh0ecHravTdRyZEmoESumebMEQV8Y+poBwSW2ZbEwAokAOGsK5Cu8pDDT2g==",
      "hasInstallScript": true,
      "license": "MPL 2.0",
      "dependencies": {
        "prebuild-install": "^7.1.3"
      },
      "engines": {
        "node": ">=18.20.0"
      }
    },
    "node_modules/once": {
      "version": "1.4.0",
      "resolved": "https://registry.npmjs.org/once/-/once-1.4.0.tgz",
      "integrity": "sha512-lNaJgI+2Q5URQBkccEKHTQOPaXdUxnZZElQTZY0MFUAuaEqe1E+Nyvgdz/aIyNi6Z9MzO5dv1H8n58/GELp3+w==",
      "license": "ISC",
      "dependencies": {
        "wrappy": "1"
      }
    },
    "node_modules/playwright": {
      "version": "1.63.0",
      "resolved": "https://registry.npmjs.org/playwright/-/playwright-1.63.0.tgz",
      "integrity": "sha512-+7ziBLidS4NaNCdt57SUDT+wYmmd5fmiQejUic/kb+YsYSCPyOOE9sebzMjNmQrsnNpDJqd4WHvV/8lfKfUDUg==",
      "dev": true,
      "license": "Apache-2.0",
      "dependencies": {
        "playwright-core": "1.63.0"
      },
      "bin": {
        "playwright": "cli.js"
      },
      "engines": {
        "node": ">=20"
      }
    },
    "node_modules/playwright-core": {
      "version": "1.63.0",
      "resolved": "https://registry.npmjs.org/playwright-core/-/playwright-core-1.63.0.tgz",
      "integrity": "sha512-rYCsBF/M5HjUch52bbtVONEFjv6Xu8sm8h72dNlR5bzIE1fvC/bxgspzkjSfU+MweEMmPM8KJebG6nnyxo5mCg==",
      "dev": true,
      "license": "Apache-2.0",
      "bin": {
        "playwright-core": "cli.js"
      },
      "engines": {
        "node": ">=20"
      }
    },
    "node_modules/prebuild-install": {
      "version": "7.1.3",
      "resolved": "https://registry.npmjs.org/prebuild-install/-/prebuild-install-7.1.3.tgz",
      "integrity": "sha512-8Mf2cbV7x1cXPUILADGI3wuhfqWvtiLA1iclTDbFRZkgRQS0NqsPZphna9V+HyTEadheuPmjaJMsbzKQFOzLug==",
      "deprecated": "No longer maintained. Please contact the author of the relevant native addon; alternatives are available.",
      "license": "MIT",
      "dependencies": {
        "detect-libc": "^2.0.0",
        "expand-template": "^2.0.3",
        "github-from-package": "0.0.0",
        "minimist": "^1.2.3",
        "mkdirp-classic": "^0.5.3",
        "napi-build-utils": "^2.0.0",
        "node-abi": "^3.3.0",
        "pump": "^3.0.0",
        "rc": "^1.2.7",
        "simple-get": "^4.0.0",
        "tar-fs": "^2.0.0",
        "tunnel-agent": "^0.6.0"
      },
      "bin": {
        "prebuild-install": "bin.js"
      },
      "engines": {
        "node": ">=10"
      }
    },
    "node_modules/pump": {
      "version": "3.0.4",
      "resolved": "https://registry.npmjs.org/pump/-/pump-3.0.4.tgz",
      "integrity": "sha512-VS7sjc6KR7e1ukRFhQSY5LM2uBWAUPiOPa/A3mkKmiMwSmRFUITt0xuj+/lesgnCv+dPIEYlkzrcyXgquIHMcA==",
      "license": "MIT",
      "dependencies": {
        "end-of-stream": "^1.1.0",
        "once": "^1.3.1"
      }
    },
    "node_modules/pvtsutils": {
      "version": "1.3.6",
      "resolved": "https://registry.npmjs.org/pvtsutils/-/pvtsutils-1.3.6.tgz",
      "integrity": "sha512-PLgQXQ6H2FWCaeRak8vvk1GW462lMxB5s3Jm673N82zI4vqtVUPuZdffdZbPDFRoU8kAhItWFtPCWiPpp4/EDg==",
      "license": "MIT",
      "dependencies": {
        "tslib": "^2.8.1"
      }
    },
    "node_modules/pvutils": {
      "version": "1.2.0",
      "resolved": "https://registry.npmjs.org/pvutils/-/pvutils-1.2.0.tgz",
      "integrity": "sha512-BbubeCEyTuQjVMakvJQ/Sxbc93F2pwmbsxONT/ZRrwU7Ua38d8unYTwXpTVLAKJ4BDuH9IGztCjQcd/N/39Dvg==",
      "license": "MIT",
      "engines": {
        "node": ">=16.0.0"
      }
    },
    "node_modules/rc": {
      "version": "1.2.8",
      "resolved": "https://registry.npmjs.org/rc/-/rc-1.2.8.tgz",
      "integrity": "sha512-y3bGgqKj3QBdxLbLkomlohkvsA8gdAiUQlSBJnBhfn+BPxg4bc62d8TcBW15wavDfgexCgccckhcZvywyQYPOw==",
      "license": "(BSD-2-Clause OR MIT OR Apache-2.0)",
      "dependencies": {
        "deep-extend": "^0.6.0",
        "ini": "~1.3.0",
        "minimist": "^1.2.0",
        "strip-json-comments": "~2.0.1"
      },
      "bin": {
        "rc": "cli.js"
      }
    },
    "node_modules/readable-stream": {
      "version": "3.6.2",
      "resolved": "https://registry.npmjs.org/readable-stream/-/readable-stream-3.6.2.tgz",
      "integrity": "sha512-9u/sniCrY3D5WdsERHzHE4G2YCXqoG5FTHUiCC4SIbr6XcLZBY05ya9EKjYek9O5xOAwjGq+1JdGBAS7Q9ScoA==",
      "license": "MIT",
      "dependencies": {
        "inherits": "^2.0.3",
        "string_decoder": "^1.1.1",
        "util-deprecate": "^1.0.1"
      },
      "engines": {
        "node": ">= 6"
      }
    },
    "node_modules/reflect-metadata": {
      "version": "0.2.2",
      "resolved": "https://registry.npmjs.org/reflect-metadata/-/reflect-metadata-0.2.2.tgz",
      "integrity": "sha512-urBwgfrvVP/eAyXx4hluJivBKzuEbSQs9rKWCrCkbSxNv8mxPcUZKeuoF3Uy4mJl3Lwprp6yy5/39VWigZ4K6Q==",
      "license": "Apache-2.0"
    },
    "node_modules/safe-buffer": {
      "version": "5.2.1",
      "resolved": "https://registry.npmjs.org/safe-buffer/-/safe-buffer-5.2.1.tgz",
      "integrity": "sha512-rp3So07KcdmmKbGvgaNxQSJr7bGVSVk5S9Eq1F+ppbRo70+YeaDxkw5Dd8NPN+GD6bjnYm2VuPuCXmpuYvmCXQ==",
      "funding": [
        {
          "type": "github",
          "url": "https://github.com/sponsors/feross"
        },
        {
          "type": "patreon",
          "url": "https://www.patreon.com/feross"
        },
        {
          "type": "consulting",
          "url": "https://feross.org/support"
        }
      ],
      "license": "MIT"
    },
    "node_modules/semver": {
      "version": "7.8.5",
      "resolved": "https://registry.npmjs.org/semver/-/semver-7.8.5.tgz",
      "integrity": "sha512-Y7/KDsb8LjooZpwaqGyulO6DQlksgCncchHGk+sZIY4SBvUocMBEFH5Ur1fI4dV+Jvl0w6cjvucaIi40puRioA==",
      "license": "ISC",
      "bin": {
        "semver": "bin/semver.js"
      },
      "engines": {
        "node": ">=10"
      }
    },
    "node_modules/simple-concat": {
      "version": "1.0.1",
      "resolved": "https://registry.npmjs.org/simple-concat/-/simple-concat-1.0.1.tgz",
      "integrity": "sha512-cSFtAPtRhljv69IK0hTVZQ+OfE9nePi/rtJmw5UjHeVyVroEqJXP1sFztKUy1qU+xvz3u/sfYJLa947b7nAN2Q==",
      "funding": [
        {
          "type": "github",
          "url": "https://github.com/sponsors/feross"
        },
        {
          "type": "patreon",
          "url": "https://www.patreon.com/feross"
        },
        {
          "type": "consulting",
          "url": "https://feross.org/support"
        }
      ],
      "license": "MIT"
    },
    "node_modules/simple-get": {
      "version": "4.0.1",
      "resolved": "https://registry.npmjs.org/simple-get/-/simple-get-4.0.1.tgz",
      "integrity": "sha512-brv7p5WgH0jmQJr1ZDDfKDOSeWWg+OVypG99A/5vYGPqJ6pxiaHLy8nxtFjBA7oMa01ebA9gfh1uMCFqOuXxvA==",
      "funding": [
        {
          "type": "github",
          "url": "https://github.com/sponsors/feross"
        },
        {
          "type": "patreon",
          "url": "https://www.patreon.com/feross"
        },
        {
          "type": "consulting",
          "url": "https://feross.org/support"
        }
      ],
      "license": "MIT",
      "dependencies": {
        "decompress-response": "^6.0.0",
        "once": "^1.3.1",
        "simple-concat": "^1.0.0"
      }
    },
    "node_modules/string_decoder": {
      "version": "1.3.0",
      "resolved": "https://registry.npmjs.org/string_decoder/-/string_decoder-1.3.0.tgz",
      "integrity": "sha512-hkRX8U1WjJFd8LsDJ2yQ/wWWxaopEsABU1XfkM8A+j0+85JAGppt16cr1Whg6KIbb4okU6Mql6BOj+uup/wKeA==",
      "license": "MIT",
      "dependencies": {
        "safe-buffer": "~5.2.0"
      }
    },
    "node_modules/strip-json-comments": {
      "version": "2.0.1",
      "resolved": "https://registry.npmjs.org/strip-json-comments/-/strip-json-comments-2.0.1.tgz",
      "integrity": "sha512-4gB8na07fecVVkOI6Rs4e7T6NOTki5EmL7TUduTs6bu3EdnSycntVJ4re8kgZA+wx9IueI2Y11bfbgwtzuE0KQ==",
      "license": "MIT",
      "engines": {
        "node": ">=0.10.0"
      }
    },
    "node_modules/tar-fs": {
      "version": "2.1.5",
      "resolved": "https://registry.npmjs.org/tar-fs/-/tar-fs-2.1.5.tgz",
      "integrity": "sha512-OboTd8mmMhZDNPV+UjQcK9yKAatXu2aJ+r1w4im1Otd4M4fl2hwvdoXUxIYHFTHWK/3y3FarBP70v3vwmGlOxw==",
      "license": "MIT",
      "dependencies": {
        "chownr": "^1.1.1",
        "mkdirp-classic": "^0.5.2",
        "pump": "^3.0.0",
        "tar-stream": "^2.1.4"
      }
    },
    "node_modules/tar-stream": {
      "version": "2.2.0",
      "resolved": "https://registry.npmjs.org/tar-stream/-/tar-stream-2.2.0.tgz",
      "integrity": "sha512-ujeqbceABgwMZxEJnk2HDY2DlnUZ+9oEcb1KzTVfYHio0UE6dG71n60d8D2I4qNvleWrrXpmjpt7vZeF1LnMZQ==",
      "license": "MIT",
      "dependencies": {
        "bl": "^4.0.3",
        "end-of-stream": "^1.4.1",
        "fs-constants": "^1.0.0",
        "inherits": "^2.0.3",
        "readable-stream": "^3.1.1"
      },
      "engines": {
        "node": ">=6"
      }
    },
    "node_modules/ts-custom-error": {
      "version": "3.2.2",
      "resolved": "https://registry.npmjs.org/ts-custom-error/-/ts-custom-error-3.2.2.tgz",
      "integrity": "sha512-u0YCNf2lf6T/vHm+POKZK1yFKWpSpJitcUN3HxqyEcFuNnHIDbyuIQC7QDy/PsBX3giFyk9rt6BFqBAh2lsDZQ==",
      "license": "MIT",
      "engines": {
        "node": ">=14.0.0"
      }
    },
    "node_modules/tslib": {
      "version": "2.8.1",
      "resolved": "https://registry.npmjs.org/tslib/-/tslib-2.8.1.tgz",
      "integrity": "sha512-oJFu94HQb+KVduSUQL7wnpmqnfmLsOA/nAh6b6EH0wCEoK0/mPeXU6c3wKDV83MkOuHPRHtSXKKU99IBazS/2w==",
      "license": "0BSD"
    },
    "node_modules/tsyringe": {
      "version": "4.10.0",
      "resolved": "https://registry.npmjs.org/tsyringe/-/tsyringe-4.10.0.tgz",
      "integrity": "sha512-axr3IdNuVIxnaK5XGEUFTu3YmAQ6lllgrvqfEoR16g/HGnYY/6We4oWENtAnzK6/LpJ2ur9PAb80RBt7/U4ugw==",
      "license": "MIT",
      "dependencies": {
        "tslib": "^1.9.3"
      },
      "engines": {
        "node": ">= 6.0.0"
      }
    },
    "node_modules/tsyringe/node_modules/tslib": {
      "version": "1.14.1",
      "resolved": "https://registry.npmjs.org/tslib/-/tslib-1.14.1.tgz",
      "integrity": "sha512-Xni35NKzjgMrwevysHTCArtLDpPvye8zV/0E4EyYn43P7/7qvQwPh9BGkHewbMulVntbigmcT7rdX3BNo9wRJg==",
      "license": "0BSD"
    },
    "node_modules/tunnel-agent": {
      "version": "0.6.0",
      "resolved": "https://registry.npmjs.org/tunnel-agent/-/tunnel-agent-0.6.0.tgz",
      "integrity": "sha512-McnNiV1l8RYeY8tBgEpuodCC1mLUdbSN+CYBL7kJsJNInOP8UjDDEwdk6Mw60vdLLrr5NHKZhMAOSrR2NZuQ+w==",
      "license": "Apache-2.0",
      "dependencies": {
        "safe-buffer": "^5.0.1"
      },
      "engines": {
        "node": "*"
      }
    },
    "node_modules/undici-types": {
      "version": "6.21.0",
      "resolved": "https://registry.npmjs.org/undici-types/-/undici-types-6.21.0.tgz",
      "integrity": "sha512-iwDZqg0QAGrg9Rav5H4n0M64c3mkR59cJ6wQp+7C4nI0gsmExaedaYLNO44eT4AtBBwjbTiGPMlt2Md0T9H9JQ==",
      "dev": true,
      "license": "MIT"
    },
    "node_modules/util-deprecate": {
      "version": "1.0.2",
      "resolved": "https://registry.npmjs.org/util-deprecate/-/util-deprecate-1.0.2.tgz",
      "integrity": "sha512-EPD5q1uXyFxJpCrLnCc1nHnq3gOa6DZBocAIiI2TaSCA7VCJ1UJDMagCzIkXNsUYfD1daK//LTEQ8xiIbrHtcw==",
      "license": "MIT"
    },
    "node_modules/wrappy": {
      "version": "1.0.2",
      "resolved": "https://registry.npmjs.org/wrappy/-/wrappy-1.0.2.tgz",
      "integrity": "sha512-l4Sp/DRseor9wL6EvV2+TuQn63dMkPjZ/sp9XkghTEbV9KlPS1xUsZ3u7/IQO4wxtcFB4bgpQPRcR3QCvezPcQ==",
      "license": "ISC"
    }
  }
}
